
Microsoft Visual Studio Solution File, Format Version 12.00
# Visual Studio 15
VisualStudioVersion = 15.0.27703.2047
MinimumVisualStudioVersion = 10.0.40219.1
Project("{FAE04EC0-301F-11D3-BF4B-00C04F79EFBC}") = "Bootstrap", "Bootstrap\Bootstrap.csproj", "{DBD3B814-81BB-4D44-BD0E-E0174E2CD6C2}"
EndProject
Global
	GlobalSection(SolutionConfigurationPlatforms) = preSolution
		Debug|Any CPU = Debug|Any CPU
		Release|Any CPU = Release|Any CPU
	EndGlobalSection
	GlobalSection(ProjectConfigurationPlatforms) = postSolution
		{DBD3B814-81BB-4D44-BD0E-E0174E2CD6C2}.Debug|Any CPU.ActiveCfg = Debug|Any CPU
		{DBD3B814-81BB-4D44-BD0E-E0174E2CD6C2}.Debug|Any CPU.Build.0 = Debug|Any CPU
		{DBD3B814-81BB-4D44-BD0E-E0174E2CD6C2}.Release|Any CPU.ActiveCfg = Release|Any CPU
		{DBD3B814-81BB-4D44-BD0E-E0174E2CD6C2}.Release|Any CPU.Build.0 = Release|Any CPU
	EndGlobalSection
	GlobalSection(SolutionProperties) = preSolution
		HideSolutionNode = FALSE
	EndGlobalSection
	GlobalSection(ExtensibilityGlobals) = postSolution
		SolutionGuid = {CE439351-AA9A-4092-A3AC-2E95F42C4791}
	EndGlobalSection
EndGlobal
